
Microsoft Visual Studio Solution File, Format Version 11.00
# Visual Studio 2010
Project("{8BC9CEB8-8B4A-11D0-8D11-00A0C91BC942}") = "AutoSeg", "AutoSeg\AutoSeg.vcxproj", "{217D0FD0-7D1B-44DA-AF8D-205540C6B813}"
EndProject
Project("{8BC9CEB8-8B4A-11D0-8D11-00A0C91BC942}") = "SegTools", "SegTools\SegTools.vcxproj", "{DEB2657D-DECE-41FC-B669-7DC0BE3B0E71}"
	ProjectSection(ProjectDependencies) = postProject
		{217D0FD0-7D1B-44DA-AF8D-205540C6B813} = {217D0FD0-7D1B-44DA-AF8D-205540C6B813}
	EndProjectSection
EndProject
Project("{8BC9CEB8-8B4A-11D0-8D11-00A0C91BC942}") = "JSegJNI", "JSegJNI\JSegJNI.vcxproj", "{2AE112D4-C18B-4BE3-85B9-FD1418238FA4}"
	ProjectSection(ProjectDependencies) = postProject
		{217D0FD0-7D1B-44DA-AF8D-205540C6B813} = {217D0FD0-7D1B-44DA-AF8D-205540C6B813}
	EndProjectSection
EndProject
Global
	GlobalSection(SolutionConfigurationPlatforms) = preSolution
		Debug|Win32 = Debug|Win32
		Debug|x64 = Debug|x64
		Release|Win32 = Release|Win32
		Release|x64 = Release|x64
	EndGlobalSection
	GlobalSection(ProjectConfigurationPlatforms) = postSolution
		{217D0FD0-7D1B-44DA-AF8D-205540C6B813}.Debug|Win32.ActiveCfg = Debug|Win32
		{217D0FD0-7D1B-44DA-AF8D-205540C6B813}.Debug|Win32.Build.0 = Debug|Win32
		{217D0FD0-7D1B-44DA-AF8D-205540C6B813}.Debug|x64.ActiveCfg = Debug|x64
		{217D0FD0-7D1B-44DA-AF8D-205540C6B813}.Debug|x64.Build.0 = Debug|x64
		{217D0FD0-7D1B-44DA-AF8D-205540C6B813}.Release|Win32.ActiveCfg = Release|Win32
		{217D0FD0-7D1B-44DA-AF8D-205540C6B813}.Release|Win32.Build.0 = Release|Win32
		{217D0FD0-7D1B-44DA-AF8D-205540C6B813}.Release|x64.ActiveCfg = Release|x64
		{217D0FD0-7D1B-44DA-AF8D-205540C6B813}.Release|x64.Build.0 = Release|x64
		{DEB2657D-DECE-41FC-B669-7DC0BE3B0E71}.Debug|Win32.ActiveCfg = Debug|Win32
		{DEB2657D-DECE-41FC-B669-7DC0BE3B0E71}.Debug|Win32.Build.0 = Debug|Win32
		{DEB2657D-DECE-41FC-B669-7DC0BE3B0E71}.Debug|x64.ActiveCfg = Debug|x64
		{DEB2657D-DECE-41FC-B669-7DC0BE3B0E71}.Debug|x64.Build.0 = Debug|x64
		{DEB2657D-DECE-41FC-B669-7DC0BE3B0E71}.Release|Win32.ActiveCfg = Release|Win32
		{DEB2657D-DECE-41FC-B669-7DC0BE3B0E71}.Release|Win32.Build.0 = Release|Win32
		{DEB2657D-DECE-41FC-B669-7DC0BE3B0E71}.Release|x64.ActiveCfg = Release|x64
		{DEB2657D-DECE-41FC-B669-7DC0BE3B0E71}.Release|x64.Build.0 = Release|x64
		{2AE112D4-C18B-4BE3-85B9-FD1418238FA4}.Debug|Win32.ActiveCfg = Debug|Win32
		{2AE112D4-C18B-4BE3-85B9-FD1418238FA4}.Debug|Win32.Build.0 = Debug|Win32
		{2AE112D4-C18B-4BE3-85B9-FD1418238FA4}.Debug|x64.ActiveCfg = Debug|x64
		{2AE112D4-C18B-4BE3-85B9-FD1418238FA4}.Debug|x64.Build.0 = Debug|x64
		{2AE112D4-C18B-4BE3-85B9-FD1418238FA4}.Release|Win32.ActiveCfg = Release|Win32
		{2AE112D4-C18B-4BE3-85B9-FD1418238FA4}.Release|Win32.Build.0 = Release|Win32
		{2AE112D4-C18B-4BE3-85B9-FD1418238FA4}.Release|x64.ActiveCfg = Release|x64
		{2AE112D4-C18B-4BE3-85B9-FD1418238FA4}.Release|x64.Build.0 = Release|x64
	EndGlobalSection
	GlobalSection(SolutionProperties) = preSolution
		HideSolutionNode = FALSE
	EndGlobalSection
EndGlobal
